
Microsoft Visual Studio Solution File, Format Version 12.00
# Visual Studio Version 17
VisualStudioVersion = 17.8.34330.188
MinimumVisualStudioVersion = 10.0.40219.1
Project("{FAE04EC0-301F-11D3-BF4B-00C04F79EFBC}") = "homewok.CSahrp.Day5", "homewok.CSahrp.Day5\homewok.CSahrp.Day5.csproj", "{316E05DC-FF5F-4122-8919-CA801AB0422A}"
EndProject
Global
	GlobalSection(SolutionConfigurationPlatforms) = preSolution
		Debug|Any CPU = Debug|Any CPU
		Release|Any CPU = Release|Any CPU
	EndGlobalSection
	GlobalSection(ProjectConfigurationPlatforms) = postSolution
		{316E05DC-FF5F-4122-8919-CA801AB0422A}.Debug|Any CPU.ActiveCfg = Debug|Any CPU
		{316E05DC-FF5F-4122-8919-CA801AB0422A}.Debug|Any CPU.Build.0 = Debug|Any CPU
		{316E05DC-FF5F-4122-8919-CA801AB0422A}.Release|Any CPU.ActiveCfg = Release|Any CPU
		{316E05DC-FF5F-4122-8919-CA801AB0422A}.Release|Any CPU.Build.0 = Release|Any CPU
	EndGlobalSection
	GlobalSection(SolutionProperties) = preSolution
		HideSolutionNode = FALSE
	EndGlobalSection
	GlobalSection(ExtensibilityGlobals) = postSolution
		SolutionGuid = {C83ACE06-1709-4BAB-93F8-69FA70C51867}
	EndGlobalSection
EndGlobal
